
Microsoft Visual Studio Solution File, Format Version 12.00
# Visual Studio 15
VisualStudioVersion = 15.0.28307.168
MinimumVisualStudioVersion = 10.0.40219.1
Project("{FAE04EC0-301F-11D3-BF4B-00C04F79EFBC}") = "Aufnahmetest", "Aufnahmetest\Aufnahmetest.csproj", "{CA23941D-5FFD-4E63-B364-A57A534C7941}"
EndProject
Global
	GlobalSection(SolutionConfigurationPlatforms) = preSolution
		Debug|Any CPU = Debug|Any CPU
		Release|Any CPU = Release|Any CPU
	EndGlobalSection
	GlobalSection(ProjectConfigurationPlatforms) = postSolution
		{CA23941D-5FFD-4E63-B364-A57A534C7941}.Debug|Any CPU.ActiveCfg = Debug|Any CPU
		{CA23941D-5FFD-4E63-B364-A57A534C7941}.Debug|Any CPU.Build.0 = Debug|Any CPU
		{CA23941D-5FFD-4E63-B364-A57A534C7941}.Release|Any CPU.ActiveCfg = Release|Any CPU
		{CA23941D-5FFD-4E63-B364-A57A534C7941}.Release|Any CPU.Build.0 = Release|Any CPU
	EndGlobalSection
	GlobalSection(SolutionProperties) = preSolution
		HideSolutionNode = FALSE
	EndGlobalSection
	GlobalSection(ExtensibilityGlobals) = postSolution
		SolutionGuid = {3CD09671-4699-46AE-82C9-8185C9EF9C3F}
	EndGlobalSection
EndGlobal
