
Microsoft Visual Studio Solution File, Format Version 12.00
# Visual Studio 15
VisualStudioVersion = 15.0.27703.2000
MinimumVisualStudioVersion = 10.0.40219.1
Project("{FAE04EC0-301F-11D3-BF4B-00C04F79EFBC}") = "WindowsFormsApp3", "WindowsFormsApp3\WindowsFormsApp3.csproj", "{FA9A1E8B-7D31-436A-8C92-7E8429DAF2BC}"
EndProject
Project("{FAE04EC0-301F-11D3-BF4B-00C04F79EFBC}") = "Test", "..\..\..\Documents\Visual Studio 2017\Projects\Test\Test\Test.csproj", "{A0CA30F4-6CF4-40B8-A8AB-004186758355}"
EndProject
Global
	GlobalSection(SolutionConfigurationPlatforms) = preSolution
		Debug|Any CPU = Debug|Any CPU
		Release|Any CPU = Release|Any CPU
	EndGlobalSection
	GlobalSection(ProjectConfigurationPlatforms) = postSolution
		{FA9A1E8B-7D31-436A-8C92-7E8429DAF2BC}.Debug|Any CPU.ActiveCfg = Debug|Any CPU
		{FA9A1E8B-7D31-436A-8C92-7E8429DAF2BC}.Debug|Any CPU.Build.0 = Debug|Any CPU
		{FA9A1E8B-7D31-436A-8C92-7E8429DAF2BC}.Release|Any CPU.ActiveCfg = Release|Any CPU
		{FA9A1E8B-7D31-436A-8C92-7E8429DAF2BC}.Release|Any CPU.Build.0 = Release|Any CPU
		{A0CA30F4-6CF4-40B8-A8AB-004186758355}.Debug|Any CPU.ActiveCfg = Debug|Any CPU
		{A0CA30F4-6CF4-40B8-A8AB-004186758355}.Debug|Any CPU.Build.0 = Debug|Any CPU
		{A0CA30F4-6CF4-40B8-A8AB-004186758355}.Release|Any CPU.ActiveCfg = Release|Any CPU
		{A0CA30F4-6CF4-40B8-A8AB-004186758355}.Release|Any CPU.Build.0 = Release|Any CPU
	EndGlobalSection
	GlobalSection(SolutionProperties) = preSolution
		HideSolutionNode = FALSE
	EndGlobalSection
	GlobalSection(ExtensibilityGlobals) = postSolution
		SolutionGuid = {36257473-3305-4E6C-85AB-49F45F17F37D}
	EndGlobalSection
EndGlobal
